{
    "version": 3,
    "terraform_version": "0.10.8",
    "serial": 1,
    "lineage": "2a0c5d34-93af-4f57-b145-244d1433c1f4",
    "modules": [
        {
            "path": [
                "root"
            ],
            "outputs": {
                "kubo_master_target_pool": {
                    "sensitive": false,
                    "type": "string",
                    "value": "pfsenv02kubo-tcp-public"
                },
                "master_lb_ip_address": {
                    "sensitive": false,
                    "type": "string",
                    "value": "35.203.135.29"
                }
            },
            "resources": {
                "google_compute_address.kubo-tcp": {
                    "type": "google_compute_address",
                    "depends_on": [],
                    "primary": {
                        "id": "projects/cf-spring-pfs-eng/regions/us-west1/addresses/pfsenv02kubo",
                        "attributes": {
                            "address": "35.203.135.29",
                            "id": "projects/cf-spring-pfs-eng/regions/us-west1/addresses/pfsenv02kubo",
                            "name": "pfsenv02kubo",
                            "region": "us-west1",
                            "self_link": "https://www.googleapis.com/compute/v1/projects/cf-spring-pfs-eng/regions/us-west1/addresses/pfsenv02kubo"
                        },
                        "meta": {
                            "schema_version": "1"
                        },
                        "tainted": false
                    },
                    "deposed": [],
                    "provider": ""
                },
                "google_compute_firewall.kubo-tcp-public": {
                    "type": "google_compute_firewall",
                    "depends_on": [],
                    "primary": {
                        "id": "pfsenv02kubo-tcp-public",
                        "attributes": {
                            "allow.#": "1",
                            "allow.1052118868.ports.#": "1",
                            "allow.1052118868.ports.0": "8443",
                            "allow.1052118868.protocol": "tcp",
                            "deny.#": "0",
                            "description": "",
                            "destination_ranges.#": "0",
                            "id": "pfsenv02kubo-tcp-public",
                            "name": "pfsenv02kubo-tcp-public",
                            "network": "https://www.googleapis.com/compute/v1/projects/cf-spring-pfs-eng/global/networks/pfsenv02net",
                            "priority": "1000",
                            "project": "cf-spring-pfs-eng",
                            "self_link": "https://www.googleapis.com/compute/v1/projects/cf-spring-pfs-eng/global/firewalls/pfsenv02kubo-tcp-public",
                            "source_ranges.#": "1",
                            "source_ranges.1080289494": "0.0.0.0/0",
                            "source_tags.#": "0",
                            "target_tags.#": "1",
                            "target_tags.755606486": "master"
                        },
                        "meta": {
                            "schema_version": "1"
                        },
                        "tainted": false
                    },
                    "deposed": [],
                    "provider": ""
                },
                "google_compute_forwarding_rule.kubo-tcp": {
                    "type": "google_compute_forwarding_rule",
                    "depends_on": [
                        "google_compute_address.kubo-tcp",
                        "google_compute_target_pool.kubo-tcp-public"
                    ],
                    "primary": {
                        "id": "pfsenv02kubo-tcp",
                        "attributes": {
                            "backend_service": "",
                            "description": "",
                            "id": "pfsenv02kubo-tcp",
                            "ip_address": "35.203.135.29",
                            "ip_protocol": "TCP",
                            "load_balancing_scheme": "EXTERNAL",
                            "name": "pfsenv02kubo-tcp",
                            "network": "",
                            "port_range": "8443-8443",
                            "ports.#": "0",
                            "project": "cf-spring-pfs-eng",
                            "region": "us-west1",
                            "self_link": "https://www.googleapis.com/compute/v1/projects/cf-spring-pfs-eng/regions/us-west1/forwardingRules/pfsenv02kubo-tcp",
                            "subnetwork": "",
                            "target": "https://www.googleapis.com/compute/v1/projects/cf-spring-pfs-eng/regions/us-west1/targetPools/pfsenv02kubo-tcp-public"
                        },
                        "meta": {},
                        "tainted": false
                    },
                    "deposed": [],
                    "provider": ""
                },
                "google_compute_target_pool.kubo-tcp-public": {
                    "type": "google_compute_target_pool",
                    "depends_on": [],
                    "primary": {
                        "id": "pfsenv02kubo-tcp-public",
                        "attributes": {
                            "backup_pool": "",
                            "description": "",
                            "failover_ratio": "0",
                            "health_checks.#": "0",
                            "id": "pfsenv02kubo-tcp-public",
                            "instances.#": "0",
                            "name": "pfsenv02kubo-tcp-public",
                            "project": "cf-spring-pfs-eng",
                            "region": "us-west1",
                            "self_link": "https://www.googleapis.com/compute/v1/projects/cf-spring-pfs-eng/regions/us-west1/targetPools/pfsenv02kubo-tcp-public",
                            "session_affinity": "NONE"
                        },
                        "meta": {},
                        "tainted": false
                    },
                    "deposed": [],
                    "provider": ""
                }
            },
            "depends_on": []
        }
    ]
}
